{
  "object": {
    "pins": [
      {
        "package": "NCCCoding",
        "repositoryURL": "git@github.com:drewster99/NCCCoding.git",
        "state": {
          "branch": null,
          "revision": "194802d1221843604728f56a3deaa201ea539669",
          "version": "1.0.1"
        }
      }
    ]
  },
  "version": 1
}
